
Microsoft Visual Studio Solution File, Format Version 12.00
# Visual Studio Version 17
VisualStudioVersion = 17.3.32825.248
MinimumVisualStudioVersion = 10.0.40219.1
Project("{8BC9CEB8-8B4A-11D0-8D11-00A0C91BC942}") = "Homework3.7.2", "Homework3.7.2\Homework3.7.2.vcxproj", "{A9B6109E-7C6F-4DB0-B4FC-0703144C99BF}"
EndProject
Global
	GlobalSection(SolutionConfigurationPlatforms) = preSolution
		Debug|x64 = Debug|x64
		Debug|x86 = Debug|x86
		Release|x64 = Release|x64
		Release|x86 = Release|x86
	EndGlobalSection
	GlobalSection(ProjectConfigurationPlatforms) = postSolution
		{A9B6109E-7C6F-4DB0-B4FC-0703144C99BF}.Debug|x64.ActiveCfg = Debug|x64
		{A9B6109E-7C6F-4DB0-B4FC-0703144C99BF}.Debug|x64.Build.0 = Debug|x64
		{A9B6109E-7C6F-4DB0-B4FC-0703144C99BF}.Debug|x86.ActiveCfg = Debug|Win32
		{A9B6109E-7C6F-4DB0-B4FC-0703144C99BF}.Debug|x86.Build.0 = Debug|Win32
		{A9B6109E-7C6F-4DB0-B4FC-0703144C99BF}.Release|x64.ActiveCfg = Release|x64
		{A9B6109E-7C6F-4DB0-B4FC-0703144C99BF}.Release|x64.Build.0 = Release|x64
		{A9B6109E-7C6F-4DB0-B4FC-0703144C99BF}.Release|x86.ActiveCfg = Release|Win32
		{A9B6109E-7C6F-4DB0-B4FC-0703144C99BF}.Release|x86.Build.0 = Release|Win32
	EndGlobalSection
	GlobalSection(SolutionProperties) = preSolution
		HideSolutionNode = FALSE
	EndGlobalSection
	GlobalSection(ExtensibilityGlobals) = postSolution
		SolutionGuid = {90305B01-4052-4119-998E-D79C49344C16}
	EndGlobalSection
EndGlobal
